
Microsoft Visual Studio Solution File, Format Version 12.00
# Visual Studio 15
VisualStudioVersion = 15.0.28307.1022
MinimumVisualStudioVersion = 10.0.40219.1
Project("{8BC9CEB8-8B4A-11D0-8D11-00A0C91BC942}") = "CH 8 Ex 5", "CH 8 Ex 5\CH 8 Ex 5.vcxproj", "{F0B3BEAA-3FC7-4F0F-8D6A-E49578CB79A7}"
EndProject
Global
	GlobalSection(SolutionConfigurationPlatforms) = preSolution
		Debug|x64 = Debug|x64
		Debug|x86 = Debug|x86
		Release|x64 = Release|x64
		Release|x86 = Release|x86
	EndGlobalSection
	GlobalSection(ProjectConfigurationPlatforms) = postSolution
		{F0B3BEAA-3FC7-4F0F-8D6A-E49578CB79A7}.Debug|x64.ActiveCfg = Debug|x64
		{F0B3BEAA-3FC7-4F0F-8D6A-E49578CB79A7}.Debug|x64.Build.0 = Debug|x64
		{F0B3BEAA-3FC7-4F0F-8D6A-E49578CB79A7}.Debug|x86.ActiveCfg = Debug|Win32
		{F0B3BEAA-3FC7-4F0F-8D6A-E49578CB79A7}.Debug|x86.Build.0 = Debug|Win32
		{F0B3BEAA-3FC7-4F0F-8D6A-E49578CB79A7}.Release|x64.ActiveCfg = Release|x64
		{F0B3BEAA-3FC7-4F0F-8D6A-E49578CB79A7}.Release|x64.Build.0 = Release|x64
		{F0B3BEAA-3FC7-4F0F-8D6A-E49578CB79A7}.Release|x86.ActiveCfg = Release|Win32
		{F0B3BEAA-3FC7-4F0F-8D6A-E49578CB79A7}.Release|x86.Build.0 = Release|Win32
	EndGlobalSection
	GlobalSection(SolutionProperties) = preSolution
		HideSolutionNode = FALSE
	EndGlobalSection
	GlobalSection(ExtensibilityGlobals) = postSolution
		SolutionGuid = {0349699E-48A3-4B26-9323-477959F2531E}
	EndGlobalSection
EndGlobal
